
Microsoft Visual Studio Solution File, Format Version 12.00
# Visual Studio Version 16
VisualStudioVersion = 16.0.31019.35
MinimumVisualStudioVersion = 10.0.40219.1
Project("{FAE04EC0-301F-11D3-BF4B-00C04F79EFBC}") = "SampleApp.FreshMVVM.Android", "SampleApp.FreshMVVM\SampleApp.FreshMVVM.Android\SampleApp.FreshMVVM.Android.csproj", "{72C0EA8E-586E-4EEF-AA1B-F36CA9902F6A}"
EndProject
Project("{FAE04EC0-301F-11D3-BF4B-00C04F79EFBC}") = "SampleApp.FreshMVVM.iOS", "SampleApp.FreshMVVM\SampleApp.FreshMVVM.iOS\SampleApp.FreshMVVM.iOS.csproj", "{2FB8A551-8E5D-404A-A527-FFF3DD1F42ED}"
EndProject
Project("{9A19103F-16F7-4668-BE54-9A1E7A4F7556}") = "SampleApp.FreshMVVM", "SampleApp.FreshMVVM\SampleApp.FreshMVVM\SampleApp.FreshMVVM.csproj", "{2AFDB06A-CE07-4B76-9DC5-1829D41FD94C}"
EndProject
Project("{FAE04EC0-301F-11D3-BF4B-00C04F79EFBC}") = "SampleApp.FreshMVVMTests", "SampleApp.FreshMVVM\SampleApp.FreshMVVMTests\SampleApp.FreshMVVMTests.csproj", "{77F3DAF6-0F8D-49AB-8872-28125B3D2CB0}"
EndProject
Global
	GlobalSection(SolutionConfigurationPlatforms) = preSolution
		Debug|Any CPU = Debug|Any CPU
		Debug|iPhone = Debug|iPhone
		Debug|iPhoneSimulator = Debug|iPhoneSimulator
		Release|Any CPU = Release|Any CPU
		Release|iPhone = Release|iPhone
		Release|iPhoneSimulator = Release|iPhoneSimulator
	EndGlobalSection
	GlobalSection(ProjectConfigurationPlatforms) = postSolution
		{72C0EA8E-586E-4EEF-AA1B-F36CA9902F6A}.Debug|Any CPU.ActiveCfg = Debug|Any CPU
		{72C0EA8E-586E-4EEF-AA1B-F36CA9902F6A}.Debug|Any CPU.Build.0 = Debug|Any CPU
		{72C0EA8E-586E-4EEF-AA1B-F36CA9902F6A}.Debug|Any CPU.Deploy.0 = Debug|Any CPU
		{72C0EA8E-586E-4EEF-AA1B-F36CA9902F6A}.Debug|iPhone.ActiveCfg = Debug|Any CPU
		{72C0EA8E-586E-4EEF-AA1B-F36CA9902F6A}.Debug|iPhone.Build.0 = Debug|Any CPU
		{72C0EA8E-586E-4EEF-AA1B-F36CA9902F6A}.Debug|iPhone.Deploy.0 = Debug|Any CPU
		{72C0EA8E-586E-4EEF-AA1B-F36CA9902F6A}.Debug|iPhoneSimulator.ActiveCfg = Debug|Any CPU
		{72C0EA8E-586E-4EEF-AA1B-F36CA9902F6A}.Debug|iPhoneSimulator.Build.0 = Debug|Any CPU
		{72C0EA8E-586E-4EEF-AA1B-F36CA9902F6A}.Debug|iPhoneSimulator.Deploy.0 = Debug|Any CPU
		{72C0EA8E-586E-4EEF-AA1B-F36CA9902F6A}.Release|Any CPU.ActiveCfg = Release|Any CPU
		{72C0EA8E-586E-4EEF-AA1B-F36CA9902F6A}.Release|Any CPU.Build.0 = Release|Any CPU
		{72C0EA8E-586E-4EEF-AA1B-F36CA9902F6A}.Release|Any CPU.Deploy.0 = Release|Any CPU
		{72C0EA8E-586E-4EEF-AA1B-F36CA9902F6A}.Release|iPhone.ActiveCfg = Release|Any CPU
		{72C0EA8E-586E-4EEF-AA1B-F36CA9902F6A}.Release|iPhone.Build.0 = Release|Any CPU
		{72C0EA8E-586E-4EEF-AA1B-F36CA9902F6A}.Release|iPhone.Deploy.0 = Release|Any CPU
		{72C0EA8E-586E-4EEF-AA1B-F36CA9902F6A}.Release|iPhoneSimulator.ActiveCfg = Release|Any CPU
		{72C0EA8E-586E-4EEF-AA1B-F36CA9902F6A}.Release|iPhoneSimulator.Build.0 = Release|Any CPU
		{72C0EA8E-586E-4EEF-AA1B-F36CA9902F6A}.Release|iPhoneSimulator.Deploy.0 = Release|Any CPU
		{2FB8A551-8E5D-404A-A527-FFF3DD1F42ED}.Debug|Any CPU.ActiveCfg = Debug|iPhone
		{2FB8A551-8E5D-404A-A527-FFF3DD1F42ED}.Debug|Any CPU.Build.0 = Debug|iPhone
		{2FB8A551-8E5D-404A-A527-FFF3DD1F42ED}.Debug|Any CPU.Deploy.0 = Debug|iPhone
		{2FB8A551-8E5D-404A-A527-FFF3DD1F42ED}.Debug|iPhone.ActiveCfg = Debug|iPhone
		{2FB8A551-8E5D-404A-A527-FFF3DD1F42ED}.Debug|iPhone.Build.0 = Debug|iPhone
		{2FB8A551-8E5D-404A-A527-FFF3DD1F42ED}.Debug|iPhone.Deploy.0 = Debug|iPhone
		{2FB8A551-8E5D-404A-A527-FFF3DD1F42ED}.Debug|iPhoneSimulator.ActiveCfg = Debug|iPhoneSimulator
		{2FB8A551-8E5D-404A-A527-FFF3DD1F42ED}.Debug|iPhoneSimulator.Build.0 = Debug|iPhoneSimulator
		{2FB8A551-8E5D-404A-A527-FFF3DD1F42ED}.Debug|iPhoneSimulator.Deploy.0 = Debug|iPhoneSimulator
		{2FB8A551-8E5D-404A-A527-FFF3DD1F42ED}.Release|Any CPU.ActiveCfg = Release|iPhoneSimulator
		{2FB8A551-8E5D-404A-A527-FFF3DD1F42ED}.Release|Any CPU.Build.0 = Release|iPhoneSimulator
		{2FB8A551-8E5D-404A-A527-FFF3DD1F42ED}.Release|Any CPU.Deploy.0 = Release|iPhoneSimulator
		{2FB8A551-8E5D-404A-A527-FFF3DD1F42ED}.Release|iPhone.ActiveCfg = Release|iPhone
		{2FB8A551-8E5D-404A-A527-FFF3DD1F42ED}.Release|iPhone.Build.0 = Release|iPhone
		{2FB8A551-8E5D-404A-A527-FFF3DD1F42ED}.Release|iPhone.Deploy.0 = Release|iPhone
		{2FB8A551-8E5D-404A-A527-FFF3DD1F42ED}.Release|iPhoneSimulator.ActiveCfg = Release|iPhoneSimulator
		{2FB8A551-8E5D-404A-A527-FFF3DD1F42ED}.Release|iPhoneSimulator.Build.0 = Release|iPhoneSimulator
		{2FB8A551-8E5D-404A-A527-FFF3DD1F42ED}.Release|iPhoneSimulator.Deploy.0 = Release|iPhoneSimulator
		{2AFDB06A-CE07-4B76-9DC5-1829D41FD94C}.Debug|Any CPU.ActiveCfg = Debug|Any CPU
		{2AFDB06A-CE07-4B76-9DC5-1829D41FD94C}.Debug|Any CPU.Build.0 = Debug|Any CPU
		{2AFDB06A-CE07-4B76-9DC5-1829D41FD94C}.Debug|Any CPU.Deploy.0 = Debug|Any CPU
		{2AFDB06A-CE07-4B76-9DC5-1829D41FD94C}.Debug|iPhone.ActiveCfg = Debug|Any CPU
		{2AFDB06A-CE07-4B76-9DC5-1829D41FD94C}.Debug|iPhone.Build.0 = Debug|Any CPU
		{2AFDB06A-CE07-4B76-9DC5-1829D41FD94C}.Debug|iPhone.Deploy.0 = Debug|Any CPU
		{2AFDB06A-CE07-4B76-9DC5-1829D41FD94C}.Debug|iPhoneSimulator.ActiveCfg = Debug|Any CPU
		{2AFDB06A-CE07-4B76-9DC5-1829D41FD94C}.Debug|iPhoneSimulator.Build.0 = Debug|Any CPU
		{2AFDB06A-CE07-4B76-9DC5-1829D41FD94C}.Debug|iPhoneSimulator.Deploy.0 = Debug|Any CPU
		{2AFDB06A-CE07-4B76-9DC5-1829D41FD94C}.Release|Any CPU.ActiveCfg = Release|Any CPU
		{2AFDB06A-CE07-4B76-9DC5-1829D41FD94C}.Release|Any CPU.Build.0 = Release|Any CPU
		{2AFDB06A-CE07-4B76-9DC5-1829D41FD94C}.Release|Any CPU.Deploy.0 = Release|Any CPU
		{2AFDB06A-CE07-4B76-9DC5-1829D41FD94C}.Release|iPhone.ActiveCfg = Release|Any CPU
		{2AFDB06A-CE07-4B76-9DC5-1829D41FD94C}.Release|iPhone.Build.0 = Release|Any CPU
		{2AFDB06A-CE07-4B76-9DC5-1829D41FD94C}.Release|iPhone.Deploy.0 = Release|Any CPU
		{2AFDB06A-CE07-4B76-9DC5-1829D41FD94C}.Release|iPhoneSimulator.ActiveCfg = Release|Any CPU
		{2AFDB06A-CE07-4B76-9DC5-1829D41FD94C}.Release|iPhoneSimulator.Build.0 = Release|Any CPU
		{2AFDB06A-CE07-4B76-9DC5-1829D41FD94C}.Release|iPhoneSimulator.Deploy.0 = Release|Any CPU
		{77F3DAF6-0F8D-49AB-8872-28125B3D2CB0}.Debug|Any CPU.ActiveCfg = Debug|Any CPU
		{77F3DAF6-0F8D-49AB-8872-28125B3D2CB0}.Debug|Any CPU.Build.0 = Debug|Any CPU
		{77F3DAF6-0F8D-49AB-8872-28125B3D2CB0}.Debug|iPhone.ActiveCfg = Debug|Any CPU
		{77F3DAF6-0F8D-49AB-8872-28125B3D2CB0}.Debug|iPhone.Build.0 = Debug|Any CPU
		{77F3DAF6-0F8D-49AB-8872-28125B3D2CB0}.Debug|iPhoneSimulator.ActiveCfg = Debug|Any CPU
		{77F3DAF6-0F8D-49AB-8872-28125B3D2CB0}.Debug|iPhoneSimulator.Build.0 = Debug|Any CPU
		{77F3DAF6-0F8D-49AB-8872-28125B3D2CB0}.Release|Any CPU.ActiveCfg = Release|Any CPU
		{77F3DAF6-0F8D-49AB-8872-28125B3D2CB0}.Release|Any CPU.Build.0 = Release|Any CPU
		{77F3DAF6-0F8D-49AB-8872-28125B3D2CB0}.Release|iPhone.ActiveCfg = Release|Any CPU
		{77F3DAF6-0F8D-49AB-8872-28125B3D2CB0}.Release|iPhone.Build.0 = Release|Any CPU
		{77F3DAF6-0F8D-49AB-8872-28125B3D2CB0}.Release|iPhoneSimulator.ActiveCfg = Release|Any CPU
		{77F3DAF6-0F8D-49AB-8872-28125B3D2CB0}.Release|iPhoneSimulator.Build.0 = Release|Any CPU
	EndGlobalSection
	GlobalSection(SolutionProperties) = preSolution
		HideSolutionNode = FALSE
	EndGlobalSection
	GlobalSection(ExtensibilityGlobals) = postSolution
		SolutionGuid = {1A441E97-5A26-4F35-AA96-0004C71D0C88}
	EndGlobalSection
EndGlobal
